Microsoft Visual Studio Solution File, Format Version 11.00
# Visual Studio 2008

Project("{261503E5-A435-1552-C344-E4295707F8FF}") = "AtomHacksTest", "Assembly-CSharp-firstpass.csproj", "{FA3DC36F-5D38-F0D1-01E3-03BA3EDE573F}"
EndProject
Project("{261503E5-A435-1552-C344-E4295707F8FF}") = "AtomHacksTest", "Assembly-CSharp.csproj", "{10000E1C-663B-275A-9A6B-09C808786DB0}"
EndProject
Project("{261503E5-A435-1552-C344-E4295707F8FF}") = "AtomHacksTest", "Assembly-CSharp-Editor.csproj", "{E6B1A3A0-102F-3AB8-413F-9DE43576A674}"
EndProject
Global
	GlobalSection(SolutionConfigurationPlatforms) = preSolution
		Debug|Any CPU = Debug|Any CPU
		Release|Any CPU = Release|Any CPU
	EndGlobalSection
	GlobalSection(ProjectConfigurationPlatforms) = postSolution
		{FA3DC36F-5D38-F0D1-01E3-03BA3EDE573F}.Debug|Any CPU.ActiveCfg = Debug|Any CPU
		{FA3DC36F-5D38-F0D1-01E3-03BA3EDE573F}.Debug|Any CPU.Build.0 = Debug|Any CPU
		{FA3DC36F-5D38-F0D1-01E3-03BA3EDE573F}.Release|Any CPU.ActiveCfg = Release|Any CPU
		{FA3DC36F-5D38-F0D1-01E3-03BA3EDE573F}.Release|Any CPU.Build.0 = Release|Any CPU
		{10000E1C-663B-275A-9A6B-09C808786DB0}.Debug|Any CPU.ActiveCfg = Debug|Any CPU
		{10000E1C-663B-275A-9A6B-09C808786DB0}.Debug|Any CPU.Build.0 = Debug|Any CPU
		{10000E1C-663B-275A-9A6B-09C808786DB0}.Release|Any CPU.ActiveCfg = Release|Any CPU
		{10000E1C-663B-275A-9A6B-09C808786DB0}.Release|Any CPU.Build.0 = Release|Any CPU
		{E6B1A3A0-102F-3AB8-413F-9DE43576A674}.Debug|Any CPU.ActiveCfg = Debug|Any CPU
		{E6B1A3A0-102F-3AB8-413F-9DE43576A674}.Debug|Any CPU.Build.0 = Debug|Any CPU
		{E6B1A3A0-102F-3AB8-413F-9DE43576A674}.Release|Any CPU.ActiveCfg = Release|Any CPU
		{E6B1A3A0-102F-3AB8-413F-9DE43576A674}.Release|Any CPU.Build.0 = Release|Any CPU
	EndGlobalSection
	GlobalSection(SolutionProperties) = preSolution
		HideSolutionNode = FALSE
	EndGlobalSection
		GlobalSection(MonoDevelopProperties) = preSolution
		StartupItem = Assembly-CSharp.csproj
		Policies = $0
		$0.TextStylePolicy = $1
		$1.inheritsSet = null
		$1.scope = text/x-csharp
		$0.CSharpFormattingPolicy = $2
		$2.inheritsSet = Mono
		$2.inheritsScope = text/x-csharp
		$2.scope = text/x-csharp
		$0.TextStylePolicy = $3
		$3.FileWidth = 120
		$3.TabWidth = 4
		$3.IndentWidth = 4
		$3.EolMarker = Unix
		$3.inheritsSet = Mono
		$3.inheritsScope = text/plain
		$3.scope = text/plain
	EndGlobalSection

EndGlobal
