Microsoft Visual Studio Solution File, Format Version 11.00
# Visual Studio 2008

Project("{780B234D-FADE-E596-F251-C1334167EFCB}") = "Atom Dash", "Assembly-CSharp-firstpass.csproj", "{629126AD-1991-D764-6BF0-44F3C3CD900E}"
EndProject
Project("{780B234D-FADE-E596-F251-C1334167EFCB}") = "Atom Dash", "Assembly-CSharp.csproj", "{7839FC35-3883-23F1-245F-3043EF710CB9}"
EndProject
Project("{780B234D-FADE-E596-F251-C1334167EFCB}") = "Atom Dash", "Assembly-CSharp-Editor.csproj", "{FEF169F9-A2E8-30E2-685D-3F6015AF6DF8}"
EndProject
Global
	GlobalSection(SolutionConfigurationPlatforms) = preSolution
		Debug|Any CPU = Debug|Any CPU
		Release|Any CPU = Release|Any CPU
	EndGlobalSection
	GlobalSection(ProjectConfigurationPlatforms) = postSolution
		{629126AD-1991-D764-6BF0-44F3C3CD900E}.Debug|Any CPU.ActiveCfg = Debug|Any CPU
		{629126AD-1991-D764-6BF0-44F3C3CD900E}.Debug|Any CPU.Build.0 = Debug|Any CPU
		{629126AD-1991-D764-6BF0-44F3C3CD900E}.Release|Any CPU.ActiveCfg = Release|Any CPU
		{629126AD-1991-D764-6BF0-44F3C3CD900E}.Release|Any CPU.Build.0 = Release|Any CPU
		{7839FC35-3883-23F1-245F-3043EF710CB9}.Debug|Any CPU.ActiveCfg = Debug|Any CPU
		{7839FC35-3883-23F1-245F-3043EF710CB9}.Debug|Any CPU.Build.0 = Debug|Any CPU
		{7839FC35-3883-23F1-245F-3043EF710CB9}.Release|Any CPU.ActiveCfg = Release|Any CPU
		{7839FC35-3883-23F1-245F-3043EF710CB9}.Release|Any CPU.Build.0 = Release|Any CPU
		{FEF169F9-A2E8-30E2-685D-3F6015AF6DF8}.Debug|Any CPU.ActiveCfg = Debug|Any CPU
		{FEF169F9-A2E8-30E2-685D-3F6015AF6DF8}.Debug|Any CPU.Build.0 = Debug|Any CPU
		{FEF169F9-A2E8-30E2-685D-3F6015AF6DF8}.Release|Any CPU.ActiveCfg = Release|Any CPU
		{FEF169F9-A2E8-30E2-685D-3F6015AF6DF8}.Release|Any CPU.Build.0 = Release|Any CPU
	EndGlobalSection
	GlobalSection(SolutionProperties) = preSolution
		HideSolutionNode = FALSE
	EndGlobalSection
										GlobalSection(MonoDevelopProperties) = preSolution
		StartupItem = Assembly-CSharp.csproj
		Policies = $0
		$0.TextStylePolicy = $1
		$1.inheritsSet = null
		$1.scope = text/x-csharp
		$0.CSharpFormattingPolicy = $2
		$2.inheritsSet = Mono
		$2.inheritsScope = text/x-csharp
		$2.scope = text/x-csharp
		$0.TextStylePolicy = $3
		$3.FileWidth = 120
		$3.TabWidth = 4
		$3.IndentWidth = 4
		$3.EolMarker = Unix
		$3.inheritsSet = Mono
		$3.inheritsScope = text/plain
		$3.scope = text/plain
	EndGlobalSection

EndGlobal
